
Microsoft Visual Studio Solution File, Format Version 12.00
# Visual Studio 15
VisualStudioVersion = 15.0.27130.2024
MinimumVisualStudioVersion = 10.0.40219.1
Project("{FAE04EC0-301F-11D3-BF4B-00C04F79EFBC}") = "MultiThreading", "MultiThreading\MultiThreading.csproj", "{F9CE52A9-CEFC-43E8-96D6-1CFA2AA12001}"
EndProject
Global
	GlobalSection(SolutionConfigurationPlatforms) = preSolution
		Debug|Any CPU = Debug|Any CPU
		Release|Any CPU = Release|Any CPU
	EndGlobalSection
	GlobalSection(ProjectConfigurationPlatforms) = postSolution
		{F9CE52A9-CEFC-43E8-96D6-1CFA2AA12001}.Debug|Any CPU.ActiveCfg = Debug|Any CPU
		{F9CE52A9-CEFC-43E8-96D6-1CFA2AA12001}.Debug|Any CPU.Build.0 = Debug|Any CPU
		{F9CE52A9-CEFC-43E8-96D6-1CFA2AA12001}.Release|Any CPU.ActiveCfg = Release|Any CPU
		{F9CE52A9-CEFC-43E8-96D6-1CFA2AA12001}.Release|Any CPU.Build.0 = Release|Any CPU
	EndGlobalSection
	GlobalSection(SolutionProperties) = preSolution
		HideSolutionNode = FALSE
	EndGlobalSection
	GlobalSection(ExtensibilityGlobals) = postSolution
		SolutionGuid = {2E3F10F0-CA2F-44E2-BBB2-9D536F02CDA4}
	EndGlobalSection
EndGlobal
